
Microsoft Visual Studio Solution File, Format Version 12.00
# Visual Studio Version 17
VisualStudioVersion = 17.0.31903.59
MinimumVisualStudioVersion = 10.0.40219.1
Project("{FAE04EC0-301F-11D3-BF4B-00C04F79EFBC}") = "Domain", "Domain\Domain.csproj", "{EE9C474E-08EB-4CCF-AA2E-41A3E607B662}"
EndProject
Project("{FAE04EC0-301F-11D3-BF4B-00C04F79EFBC}") = "Infrestucture", "Infrestucture\Infrestucture.csproj", "{283225A0-632E-41E3-AC5D-CA5D1CFE6D0C}"
EndProject
Project("{FAE04EC0-301F-11D3-BF4B-00C04F79EFBC}") = "MainApp", "MainApp\MainApp.csproj", "{C4CF363F-4B69-429E-8097-F40BD08C7528}"
EndProject
Global
	GlobalSection(SolutionConfigurationPlatforms) = preSolution
		Debug|Any CPU = Debug|Any CPU
		Debug|x64 = Debug|x64
		Debug|x86 = Debug|x86
		Release|Any CPU = Release|Any CPU
		Release|x64 = Release|x64
		Release|x86 = Release|x86
	EndGlobalSection
	GlobalSection(ProjectConfigurationPlatforms) = postSolution
		{EE9C474E-08EB-4CCF-AA2E-41A3E607B662}.Debug|Any CPU.ActiveCfg = Debug|Any CPU
		{EE9C474E-08EB-4CCF-AA2E-41A3E607B662}.Debug|Any CPU.Build.0 = Debug|Any CPU
		{EE9C474E-08EB-4CCF-AA2E-41A3E607B662}.Debug|x64.ActiveCfg = Debug|Any CPU
		{EE9C474E-08EB-4CCF-AA2E-41A3E607B662}.Debug|x64.Build.0 = Debug|Any CPU
		{EE9C474E-08EB-4CCF-AA2E-41A3E607B662}.Debug|x86.ActiveCfg = Debug|Any CPU
		{EE9C474E-08EB-4CCF-AA2E-41A3E607B662}.Debug|x86.Build.0 = Debug|Any CPU
		{EE9C474E-08EB-4CCF-AA2E-41A3E607B662}.Release|Any CPU.ActiveCfg = Release|Any CPU
		{EE9C474E-08EB-4CCF-AA2E-41A3E607B662}.Release|Any CPU.Build.0 = Release|Any CPU
		{EE9C474E-08EB-4CCF-AA2E-41A3E607B662}.Release|x64.ActiveCfg = Release|Any CPU
		{EE9C474E-08EB-4CCF-AA2E-41A3E607B662}.Release|x64.Build.0 = Release|Any CPU
		{EE9C474E-08EB-4CCF-AA2E-41A3E607B662}.Release|x86.ActiveCfg = Release|Any CPU
		{EE9C474E-08EB-4CCF-AA2E-41A3E607B662}.Release|x86.Build.0 = Release|Any CPU
		{283225A0-632E-41E3-AC5D-CA5D1CFE6D0C}.Debug|Any CPU.ActiveCfg = Debug|Any CPU
		{283225A0-632E-41E3-AC5D-CA5D1CFE6D0C}.Debug|Any CPU.Build.0 = Debug|Any CPU
		{283225A0-632E-41E3-AC5D-CA5D1CFE6D0C}.Debug|x64.ActiveCfg = Debug|Any CPU
		{283225A0-632E-41E3-AC5D-CA5D1CFE6D0C}.Debug|x64.Build.0 = Debug|Any CPU
		{283225A0-632E-41E3-AC5D-CA5D1CFE6D0C}.Debug|x86.ActiveCfg = Debug|Any CPU
		{283225A0-632E-41E3-AC5D-CA5D1CFE6D0C}.Debug|x86.Build.0 = Debug|Any CPU
		{283225A0-632E-41E3-AC5D-CA5D1CFE6D0C}.Release|Any CPU.ActiveCfg = Release|Any CPU
		{283225A0-632E-41E3-AC5D-CA5D1CFE6D0C}.Release|Any CPU.Build.0 = Release|Any CPU
		{283225A0-632E-41E3-AC5D-CA5D1CFE6D0C}.Release|x64.ActiveCfg = Release|Any CPU
		{283225A0-632E-41E3-AC5D-CA5D1CFE6D0C}.Release|x64.Build.0 = Release|Any CPU
		{283225A0-632E-41E3-AC5D-CA5D1CFE6D0C}.Release|x86.ActiveCfg = Release|Any CPU
		{283225A0-632E-41E3-AC5D-CA5D1CFE6D0C}.Release|x86.Build.0 = Release|Any CPU
		{C4CF363F-4B69-429E-8097-F40BD08C7528}.Debug|Any CPU.ActiveCfg = Debug|Any CPU
		{C4CF363F-4B69-429E-8097-F40BD08C7528}.Debug|Any CPU.Build.0 = Debug|Any CPU
		{C4CF363F-4B69-429E-8097-F40BD08C7528}.Debug|x64.ActiveCfg = Debug|Any CPU
		{C4CF363F-4B69-429E-8097-F40BD08C7528}.Debug|x64.Build.0 = Debug|Any CPU
		{C4CF363F-4B69-429E-8097-F40BD08C7528}.Debug|x86.ActiveCfg = Debug|Any CPU
		{C4CF363F-4B69-429E-8097-F40BD08C7528}.Debug|x86.Build.0 = Debug|Any CPU
		{C4CF363F-4B69-429E-8097-F40BD08C7528}.Release|Any CPU.ActiveCfg = Release|Any CPU
		{C4CF363F-4B69-429E-8097-F40BD08C7528}.Release|Any CPU.Build.0 = Release|Any CPU
		{C4CF363F-4B69-429E-8097-F40BD08C7528}.Release|x64.ActiveCfg = Release|Any CPU
		{C4CF363F-4B69-429E-8097-F40BD08C7528}.Release|x64.Build.0 = Release|Any CPU
		{C4CF363F-4B69-429E-8097-F40BD08C7528}.Release|x86.ActiveCfg = Release|Any CPU
		{C4CF363F-4B69-429E-8097-F40BD08C7528}.Release|x86.Build.0 = Release|Any CPU
	EndGlobalSection
	GlobalSection(SolutionProperties) = preSolution
		HideSolutionNode = FALSE
	EndGlobalSection
EndGlobal
